
Microsoft Visual Studio Solution File, Format Version 12.00
# Visual Studio Version 16
VisualStudioVersion = 16.0.30225.117
MinimumVisualStudioVersion = 10.0.40219.1
Project("{FAE04EC0-301F-11D3-BF4B-00C04F79EFBC}") = "TipToyGui", "TipToyGui\TipToyGui.csproj", "{B51FA4B8-84CE-4616-AC47-002F96A8EA00}"
EndProject
Global
	GlobalSection(SolutionConfigurationPlatforms) = preSolution
		Debug|Any CPU = Debug|Any CPU
		Release|Any CPU = Release|Any CPU
	EndGlobalSection
	GlobalSection(ProjectConfigurationPlatforms) = postSolution
		{B51FA4B8-84CE-4616-AC47-002F96A8EA00}.Debug|Any CPU.ActiveCfg = Debug|Any CPU
		{B51FA4B8-84CE-4616-AC47-002F96A8EA00}.Debug|Any CPU.Build.0 = Debug|Any CPU
		{B51FA4B8-84CE-4616-AC47-002F96A8EA00}.Release|Any CPU.ActiveCfg = Release|Any CPU
		{B51FA4B8-84CE-4616-AC47-002F96A8EA00}.Release|Any CPU.Build.0 = Release|Any CPU
	EndGlobalSection
	GlobalSection(SolutionProperties) = preSolution
		HideSolutionNode = FALSE
	EndGlobalSection
	GlobalSection(ExtensibilityGlobals) = postSolution
		SolutionGuid = {C2AA6622-CF22-4B6A-BF1F-D7E0AD891380}
	EndGlobalSection
EndGlobal
